// !$*UTF8*$!
{
	archiveVersion = 1;
	classes = {
	};
	objectVersion = 56;
	objects = {

/* Begin PBXBuildFile section */
		A73DB8CB2D1E089200EBDC31 /* Constants.swift in Sources */ = {isa = PBXBuildFile; fileRef = A73DB8BA2D1E089200EBDC31 /* Constants.swift */; };
		A73DB8CC2D1E089200EBDC31 /* Navbar.swift in Sources */ = {isa = PBXBuildFile; fileRef = A73DB8BC2D1E089200EBDC31 /* Navbar.swift */; };
		A73DB8CD2D1E089200EBDC31 /* SearchBar.swift in Sources */ = {isa = PBXBuildFile; fileRef = A73DB8BD2D1E089200EBDC31 /* SearchBar.swift */; };
		A73DB8CE2D1E089200EBDC31 /* HomeView.swift in Sources */ = {isa = PBXBuildFile; fileRef = A73DB8BF2D1E089200EBDC31 /* HomeView.swift */; };
		A73DB8CF2D1E089200EBDC31 /* JournalView.swift in Sources */ = {isa = PBXBuildFile; fileRef = A73DB8C02D1E089200EBDC31 /* JournalView.swift */; };
		A73DB8D02D1E089200EBDC31 /* PracticeView.swift in Sources */ = {isa = PBXBuildFile; fileRef = A73DB8C12D1E089200EBDC31 /* PracticeView.swift */; };
		A73DB8D12D1E089200EBDC31 /* ProfileView.swift in Sources */ = {isa = PBXBuildFile; fileRef = A73DB8C22D1E089200EBDC31 /* ProfileView.swift */; };
		A73DB8D22D1E089200EBDC31 /* SpotifyView.swift in Sources */ = {isa = PBXBuildFile; fileRef = A73DB8C32D1E089200EBDC31 /* SpotifyView.swift */; };
		A73DB8D32D1E089200EBDC31 /* PracticeSession.swift in Sources */ = {isa = PBXBuildFile; fileRef = A73DB8C52D1E089200EBDC31 /* PracticeSession.swift */; };
		A73DB8D42D1E089200EBDC31 /* SpotifyTrack.swift in Sources */ = {isa = PBXBuildFile; fileRef = A73DB8C62D1E089200EBDC31 /* SpotifyTrack.swift */; };
		A73DB8D52D1E089200EBDC31 /* User.swift in Sources */ = {isa = PBXBuildFile; fileRef = A73DB8C72D1E089200EBDC31 /* User.swift */; };
		A73DB8D62D1E089200EBDC31 /* SpotifyService.swift in Sources */ = {isa = PBXBuildFile; fileRef = A73DB8C92D1E089200EBDC31 /* SpotifyService.swift */; };
		A7BD5BCC2D1A4978004CE536 /* practice_journal_iosApp.swift in Sources */ = {isa = PBXBuildFile; fileRef = A7BD5BCB2D1A4978004CE536 /* practice_journal_iosApp.swift */; };
		A7BD5BCE2D1A4978004CE536 /* ContentView.swift in Sources */ = {isa = PBXBuildFile; fileRef = A7BD5BCD2D1A4978004CE536 /* ContentView.swift */; };
		A7BD5BD02D1A497A004CE536 /* Assets.xcassets in Resources */ = {isa = PBXBuildFile; fileRef = A7BD5BCF2D1A497A004CE536 /* Assets.xcassets */; };
		A7BD5BD32D1A497A004CE536 /* Preview Assets.xcassets in Resources */ = {isa = PBXBuildFile; fileRef = A7BD5BD22D1A497A004CE536 /* Preview Assets.xcassets */; };
		A7BD5BDD2D1A497A004CE536 /* practice_journal_iosTests.swift in Sources */ = {isa = PBXBuildFile; fileRef = A7BD5BDC2D1A497A004CE536 /* practice_journal_iosTests.swift */; };
		A7BD5BE72D1A497A004CE536 /* practice_journal_iosUITests.swift in Sources */ = {isa = PBXBuildFile; fileRef = A7BD5BE62D1A497A004CE536 /* practice_journal_iosUITests.swift */; };
		A7BD5BE92D1A497A004CE536 /* practice_journal_iosUITestsLaunchTests.swift in Sources */ = {isa = PBXBuildFile; fileRef = A7BD5BE82D1A497A004CE536 /* practice_journal_iosUITestsLaunchTests.swift */; };
/* End PBXBuildFile section */

/* Begin PBXContainerItemProxy section */
		A7BD5BD92D1A497A004CE536 /* PBXContainerItemProxy */ = {
			isa = PBXContainerItemProxy;
			containerPortal = A7BD5BC02D1A4978004CE536 /* Project object */;
			proxyType = 1;
			remoteGlobalIDString = A7BD5BC72D1A4978004CE536;
			remoteInfo = "practice-journal-ios";
		};
		A7BD5BE32D1A497A004CE536 /* PBXContainerItemProxy */ = {
			isa = PBXContainerItemProxy;
			containerPortal = A7BD5BC02D1A4978004CE536 /* Project object */;
			proxyType = 1;
			remoteGlobalIDString = A7BD5BC72D1A4978004CE536;
			remoteInfo = "practice-journal-ios";
		};
/* End PBXContainerItemProxy section */

/* Begin PBXFileReference section */
		A73DB8BA2D1E089200EBDC31 /* Constants.swift */ = {isa = PBXFileReference; fileEncoding = 4; lastKnownFileType = sourcecode.swift; path = Constants.swift; sourceTree = "<group>"; };
		A73DB8BC2D1E089200EBDC31 /* Navbar.swift */ = {isa = PBXFileReference; fileEncoding = 4; lastKnownFileType = sourcecode.swift; path = Navbar.swift; sourceTree = "<group>"; };
		A73DB8BD2D1E089200EBDC31 /* SearchBar.swift */ = {isa = PBXFileReference; fileEncoding = 4; lastKnownFileType = sourcecode.swift; path = SearchBar.swift; sourceTree = "<group>"; };
		A73DB8BF2D1E089200EBDC31 /* HomeView.swift */ = {isa = PBXFileReference; fileEncoding = 4; lastKnownFileType = sourcecode.swift; path = HomeView.swift; sourceTree = "<group>"; };
		A73DB8C02D1E089200EBDC31 /* JournalView.swift */ = {isa = PBXFileReference; fileEncoding = 4; lastKnownFileType = sourcecode.swift; path = JournalView.swift; sourceTree = "<group>"; };
		A73DB8C12D1E089200EBDC31 /* PracticeView.swift */ = {isa = PBXFileReference; fileEncoding = 4; lastKnownFileType = sourcecode.swift; path = PracticeView.swift; sourceTree = "<group>"; };
		A73DB8C22D1E089200EBDC31 /* ProfileView.swift */ = {isa = PBXFileReference; fileEncoding = 4; lastKnownFileType = sourcecode.swift; path = ProfileView.swift; sourceTree = "<group>"; };
		A73DB8C32D1E089200EBDC31 /* SpotifyView.swift */ = {isa = PBXFileReference; fileEncoding = 4; lastKnownFileType = sourcecode.swift; path = SpotifyView.swift; sourceTree = "<group>"; };
		A73DB8C52D1E089200EBDC31 /* PracticeSession.swift */ = {isa = PBXFileReference; fileEncoding = 4; lastKnownFileType = sourcecode.swift; path = PracticeSession.swift; sourceTree = "<group>"; };
		A73DB8C62D1E089200EBDC31 /* SpotifyTrack.swift */ = {isa = PBXFileReference; fileEncoding = 4; lastKnownFileType = sourcecode.swift; path = SpotifyTrack.swift; sourceTree = "<group>"; };
		A73DB8C72D1E089200EBDC31 /* User.swift */ = {isa = PBXFileReference; fileEncoding = 4; lastKnownFileType = sourcecode.swift; path = User.swift; sourceTree = "<group>"; };
		A73DB8C92D1E089200EBDC31 /* SpotifyService.swift */ = {isa = PBXFileReference; fileEncoding = 4; lastKnownFileType = sourcecode.swift; path = SpotifyService.swift; sourceTree = "<group>"; };
		A7BD5BC82D1A4978004CE536 /* practice-journal-ios.app */ = {isa = PBXFileReference; explicitFileType = wrapper.application; includeInIndex = 0; path = "practice-journal-ios.app"; sourceTree = BUILT_PRODUCTS_DIR; };
		A7BD5BCB2D1A4978004CE536 /* practice_journal_iosApp.swift */ = {isa = PBXFileReference; lastKnownFileType = sourcecode.swift; path = practice_journal_iosApp.swift; sourceTree = "<group>"; };
		A7BD5BCD2D1A4978004CE536 /* ContentView.swift */ = {isa = PBXFileReference; lastKnownFileType = sourcecode.swift; path = ContentView.swift; sourceTree = "<group>"; };
		A7BD5BCF2D1A497A004CE536 /* Assets.xcassets */ = {isa = PBXFileReference; lastKnownFileType = folder.assetcatalog; path = Assets.xcassets; sourceTree = "<group>"; };
		A7BD5BD22D1A497A004CE536 /* Preview Assets.xcassets */ = {isa = PBXFileReference; lastKnownFileType = folder.assetcatalog; path = "Preview Assets.xcassets"; sourceTree = "<group>"; };
		A7BD5BD82D1A497A004CE536 /* practice-journal-iosTests.xctest */ = {isa = PBXFileReference; explicitFileType = wrapper.cfbundle; includeInIndex = 0; path = "practice-journal-iosTests.xctest"; sourceTree = BUILT_PRODUCTS_DIR; };
		A7BD5BDC2D1A497A004CE536 /* practice_journal_iosTests.swift */ = {isa = PBXFileReference; lastKnownFileType = sourcecode.swift; path = practice_journal_iosTests.swift; sourceTree = "<group>"; };
		A7BD5BE22D1A497A004CE536 /* practice-journal-iosUITests.xctest */ = {isa = PBXFileReference; explicitFileType = wrapper.cfbundle; includeInIndex = 0; path = "practice-journal-iosUITests.xctest"; sourceTree = BUILT_PRODUCTS_DIR; };
		A7BD5BE62D1A497A004CE536 /* practice_journal_iosUITests.swift */ = {isa = PBXFileReference; lastKnownFileType = sourcecode.swift; path = practice_journal_iosUITests.swift; sourceTree = "<group>"; };
		A7BD5BE82D1A497A004CE536 /* practice_journal_iosUITestsLaunchTests.swift */ = {isa = PBXFileReference; lastKnownFileType = sourcecode.swift; path = practice_journal_iosUITestsLaunchTests.swift; sourceTree = "<group>"; };
/* End PBXFileReference section */

/* Begin PBXFrameworksBuildPhase section */
		A7BD5BC52D1A4978004CE536 /* Frameworks */ = {
			isa = PBXFrameworksBuildPhase;
			buildActionMask = 2147483647;
			files = (
			);
			runOnlyForDeploymentPostprocessing = 0;
		};
		A7BD5BD52D1A497A004CE536 /* Frameworks */ = {
			isa = PBXFrameworksBuildPhase;
			buildActionMask = 2147483647;
			files = (
			);
			runOnlyForDeploymentPostprocessing = 0;
		};
		A7BD5BDF2D1A497A004CE536 /* Frameworks */ = {
			isa = PBXFrameworksBuildPhase;
			buildActionMask = 2147483647;
			files = (
			);
			runOnlyForDeploymentPostprocessing = 0;
		};
/* End PBXFrameworksBuildPhase section */

/* Begin PBXGroup section */
		A73DB8BB2D1E089200EBDC31 /* Utilities */ = {
			isa = PBXGroup;
			children = (
				A73DB8BA2D1E089200EBDC31 /* Constants.swift */,
			);
			path = Utilities;
			sourceTree = "<group>";
		};
		A73DB8BE2D1E089200EBDC31 /* Components */ = {
			isa = PBXGroup;
			children = (
				A73DB8BC2D1E089200EBDC31 /* Navbar.swift */,
				A73DB8BD2D1E089200EBDC31 /* SearchBar.swift */,
			);
			path = Components;
			sourceTree = "<group>";
		};
		A73DB8C42D1E089200EBDC31 /* Views */ = {
			isa = PBXGroup;
			children = (
				A73DB8BE2D1E089200EBDC31 /* Components */,
				A73DB8BF2D1E089200EBDC31 /* HomeView.swift */,
				A73DB8C02D1E089200EBDC31 /* JournalView.swift */,
				A73DB8C12D1E089200EBDC31 /* PracticeView.swift */,
				A73DB8C22D1E089200EBDC31 /* ProfileView.swift */,
				A73DB8C32D1E089200EBDC31 /* SpotifyView.swift */,
			);
			path = Views;
			sourceTree = "<group>";
		};
		A73DB8C82D1E089200EBDC31 /* Models */ = {
			isa = PBXGroup;
			children = (
				A73DB8C52D1E089200EBDC31 /* PracticeSession.swift */,
				A73DB8C62D1E089200EBDC31 /* SpotifyTrack.swift */,
				A73DB8C72D1E089200EBDC31 /* User.swift */,
			);
			path = Models;
			sourceTree = "<group>";
		};
		A73DB8CA2D1E089200EBDC31 /* Services */ = {
			isa = PBXGroup;
			children = (
				A73DB8C92D1E089200EBDC31 /* SpotifyService.swift */,
			);
			path = Services;
			sourceTree = "<group>";
		};
		A7BD5BBF2D1A4978004CE536 = {
			isa = PBXGroup;
			children = (
				A7BD5BCA2D1A4978004CE536 /* practice-journal-ios */,
				A7BD5BDB2D1A497A004CE536 /* practice-journal-iosTests */,
				A7BD5BE52D1A497A004CE536 /* practice-journal-iosUITests */,
				A7BD5BC92D1A4978004CE536 /* Products */,
			);
			sourceTree = "<group>";
		};
		A7BD5BC92D1A4978004CE536 /* Products */ = {
			isa = PBXGroup;
			children = (
				A7BD5BC82D1A4978004CE536 /* practice-journal-ios.app */,
				A7BD5BD82D1A497A004CE536 /* practice-journal-iosTests.xctest */,
				A7BD5BE22D1A497A004CE536 /* practice-journal-iosUITests.xctest */,
			);
			name = Products;
			sourceTree = "<group>";
		};
		A7BD5BCA2D1A4978004CE536 /* practice-journal-ios */ = {
			isa = PBXGroup;
			children = (
				A7BD5BCB2D1A4978004CE536 /* practice_journal_iosApp.swift */,
				A7BD5BCD2D1A4978004CE536 /* ContentView.swift */,
				A73DB8C82D1E089200EBDC31 /* Models */,
				A73DB8CA2D1E089200EBDC31 /* Services */,
				A73DB8BB2D1E089200EBDC31 /* Utilities */,
				A73DB8C42D1E089200EBDC31 /* Views */,
				A7BD5BCF2D1A497A004CE536 /* Assets.xcassets */,
				A7BD5BD12D1A497A004CE536 /* Preview Content */,
			);
			path = "practice-journal-ios";
			sourceTree = "<group>";
		};
		A7BD5BD12D1A497A004CE536 /* Preview Content */ = {
			isa = PBXGroup;
			children = (
				A7BD5BD22D1A497A004CE536 /* Preview Assets.xcassets */,
			);
			path = "Preview Content";
			sourceTree = "<group>";
		};
		A7BD5BDB2D1A497A004CE536 /* practice-journal-iosTests */ = {
			isa = PBXGroup;
			children = (
				A7BD5BDC2D1A497A004CE536 /* practice_journal_iosTests.swift */,
			);
			path = "practice-journal-iosTests";
			sourceTree = "<group>";
		};
		A7BD5BE52D1A497A004CE536 /* practice-journal-iosUITests */ = {
			isa = PBXGroup;
			children = (
				A7BD5BE62D1A497A004CE536 /* practice_journal_iosUITests.swift */,
				A7BD5BE82D1A497A004CE536 /* practice_journal_iosUITestsLaunchTests.swift */,
			);
			path = "practice-journal-iosUITests";
			sourceTree = "<group>";
		};
/* End PBXGroup section */

/* Begin PBXNativeTarget section */
		A7BD5BC72D1A4978004CE536 /* practice-journal-ios */ = {
			isa = PBXNativeTarget;
			buildConfigurationList = A7BD5BEC2D1A497A004CE536 /* Build configuration list for PBXNativeTarget "practice-journal-ios" */;
			buildPhases = (
				A7BD5BC42D1A4978004CE536 /* Sources */,
				A7BD5BC52D1A4978004CE536 /* Frameworks */,
				A7BD5BC62D1A4978004CE536 /* Resources */,
			);
			buildRules = (
			);
			dependencies = (
			);
			name = "practice-journal-ios";
			productName = "practice-journal-ios";
			productReference = A7BD5BC82D1A4978004CE536 /* practice-journal-ios.app */;
			productType = "com.apple.product-type.application";
		};
		A7BD5BD72D1A497A004CE536 /* practice-journal-iosTests */ = {
			isa = PBXNativeTarget;
			buildConfigurationList = A7BD5BEF2D1A497A004CE536 /* Build configuration list for PBXNativeTarget "practice-journal-iosTests" */;
			buildPhases = (
				A7BD5BD42D1A497A004CE536 /* Sources */,
				A7BD5BD52D1A497A004CE536 /* Frameworks */,
				A7BD5BD62D1A497A004CE536 /* Resources */,
			);
			buildRules = (
			);
			dependencies = (
				A7BD5BDA2D1A497A004CE536 /* PBXTargetDependency */,
			);
			name = "practice-journal-iosTests";
			productName = "practice-journal-iosTests";
			productReference = A7BD5BD82D1A497A004CE536 /* practice-journal-iosTests.xctest */;
			productType = "com.apple.product-type.bundle.unit-test";
		};
		A7BD5BE12D1A497A004CE536 /* practice-journal-iosUITests */ = {
			isa = PBXNativeTarget;
			buildConfigurationList = A7BD5BF22D1A497A004CE536 /* Build configuration list for PBXNativeTarget "practice-journal-iosUITests" */;
			buildPhases = (
				A7BD5BDE2D1A497A004CE536 /* Sources */,
				A7BD5BDF2D1A497A004CE536 /* Frameworks */,
				A7BD5BE02D1A497A004CE536 /* Resources */,
			);
			buildRules = (
			);
			dependencies = (
				A7BD5BE42D1A497A004CE536 /* PBXTargetDependency */,
			);
			name = "practice-journal-iosUITests";
			productName = "practice-journal-iosUITests";
			productReference = A7BD5BE22D1A497A004CE536 /* practice-journal-iosUITests.xctest */;
			productType = "com.apple.product-type.bundle.ui-testing";
		};
/* End PBXNativeTarget section */

/* Begin PBXProject section */
		A7BD5BC02D1A4978004CE536 /* Project object */ = {
			isa = PBXProject;
			attributes = {
				BuildIndependentTargetsInParallel = 1;
				LastSwiftUpdateCheck = 1540;
				LastUpgradeCheck = 1540;
				TargetAttributes = {
					A7BD5BC72D1A4978004CE536 = {
						CreatedOnToolsVersion = 15.4;
					};
					A7BD5BD72D1A497A004CE536 = {
						CreatedOnToolsVersion = 15.4;
						TestTargetID = A7BD5BC72D1A4978004CE536;
					};
					A7BD5BE12D1A497A004CE536 = {
						CreatedOnToolsVersion = 15.4;
						TestTargetID = A7BD5BC72D1A4978004CE536;
					};
				};
			};
			buildConfigurationList = A7BD5BC32D1A4978004CE536 /* Build configuration list for PBXProject "practice-journal-ios" */;
			compatibilityVersion = "Xcode 14.0";
			developmentRegion = en;
			hasScannedForEncodings = 0;
			knownRegions = (
				en,
				Base,
			);
			mainGroup = A7BD5BBF2D1A4978004CE536;
			productRefGroup = A7BD5BC92D1A4978004CE536 /* Products */;
			projectDirPath = "";
			projectRoot = "";
			targets = (
				A7BD5BC72D1A4978004CE536 /* practice-journal-ios */,
				A7BD5BD72D1A497A004CE536 /* practice-journal-iosTests */,
				A7BD5BE12D1A497A004CE536 /* practice-journal-iosUITests */,
			);
		};
/* End PBXProject section */

/* Begin PBXResourcesBuildPhase section */
		A7BD5BC62D1A4978004CE536 /* Resources */ = {
			isa = PBXResourcesBuildPhase;
			buildActionMask = 2147483647;
			files = (
				A7BD5BD32D1A497A004CE536 /* Preview Assets.xcassets in Resources */,
				A7BD5BD02D1A497A004CE536 /* Assets.xcassets in Resources */,
			);
			runOnlyForDeploymentPostprocessing = 0;
		};
		A7BD5BD62D1A497A004CE536 /* Resources */ = {
			isa = PBXResourcesBuildPhase;
			buildActionMask = 2147483647;
			files = (
			);
			runOnlyForDeploymentPostprocessing = 0;
		};
		A7BD5BE02D1A497A004CE536 /* Resources */ = {
			isa = PBXResourcesBuildPhase;
			buildActionMask = 2147483647;
			files = (
			);
			runOnlyForDeploymentPostprocessing = 0;
		};
/* End PBXResourcesBuildPhase section */

/* Begin PBXSourcesBuildPhase section */
		A7BD5BC42D1A4978004CE536 /* Sources */ = {
			isa = PBXSourcesBuildPhase;
			buildActionMask = 2147483647;
			files = (
				A73DB8D52D1E089200EBDC31 /* User.swift in Sources */,
				A7BD5BCE2D1A4978004CE536 /* ContentView.swift in Sources */,
				A73DB8D12D1E089200EBDC31 /* ProfileView.swift in Sources */,
				A73DB8CC2D1E089200EBDC31 /* Navbar.swift in Sources */,
				A73DB8D62D1E089200EBDC31 /* SpotifyService.swift in Sources */,
				A73DB8D32D1E089200EBDC31 /* PracticeSession.swift in Sources */,
				A73DB8CD2D1E089200EBDC31 /* SearchBar.swift in Sources */,
				A73DB8D02D1E089200EBDC31 /* PracticeView.swift in Sources */,
				A73DB8CE2D1E089200EBDC31 /* HomeView.swift in Sources */,
				A73DB8CF2D1E089200EBDC31 /* JournalView.swift in Sources */,
				A73DB8D42D1E089200EBDC31 /* SpotifyTrack.swift in Sources */,
				A73DB8D22D1E089200EBDC31 /* SpotifyView.swift in Sources */,
				A7BD5BCC2D1A4978004CE536 /* practice_journal_iosApp.swift in Sources */,
				A73DB8CB2D1E089200EBDC31 /* Constants.swift in Sources */,
			);
			runOnlyForDeploymentPostprocessing = 0;
		};
		A7BD5BD42D1A497A004CE536 /* Sources */ = {
			isa = PBXSourcesBuildPhase;
			buildActionMask = 2147483647;
			files = (
				A7BD5BDD2D1A497A004CE536 /* practice_journal_iosTests.swift in Sources */,
			);
			runOnlyForDeploymentPostprocessing = 0;
		};
		A7BD5BDE2D1A497A004CE536 /* Sources */ = {
			isa = PBXSourcesBuildPhase;
			buildActionMask = 2147483647;
			files = (
				A7BD5BE72D1A497A004CE536 /* practice_journal_iosUITests.swift in Sources */,
				A7BD5BE92D1A497A004CE536 /* practice_journal_iosUITestsLaunchTests.swift in Sources */,
			);
			runOnlyForDeploymentPostprocessing = 0;
		};
/* End PBXSourcesBuildPhase section */

/* Begin PBXTargetDependency section */
		A7BD5BDA2D1A497A004CE536 /* PBXTargetDependency */ = {
			isa = PBXTargetDependency;
			target = A7BD5BC72D1A4978004CE536 /* practice-journal-ios */;
			targetProxy = A7BD5BD92D1A497A004CE536 /* PBXContainerItemProxy */;
		};
		A7BD5BE42D1A497A004CE536 /* PBXTargetDependency */ = {
			isa = PBXTargetDependency;
			target = A7BD5BC72D1A4978004CE536 /* practice-journal-ios */;
			targetProxy = A7BD5BE32D1A497A004CE536 /* PBXContainerItemProxy */;
		};
/* End PBXTargetDependency section */

/* Begin XCBuildConfiguration section */
		A7BD5BEA2D1A497A004CE536 /* Debug */ = {
			isa = XCBuildConfiguration;
			buildSettings = {
				ALWAYS_SEARCH_USER_PATHS = NO;
				ASSETCATALOG_COMPILER_GENERATE_SWIFT_ASSET_SYMBOL_EXTENSIONS = YES;
				CLANG_ANALYZER_NONNULL = YES;
				CLANG_ANALYZER_NUMBER_OBJECT_CONVERSION = YES_AGGRESSIVE;
				CLANG_CXX_LANGUAGE_STANDARD = "gnu++20";
				CLANG_ENABLE_MODULES = YES;
				CLANG_ENABLE_OBJC_ARC = YES;
				CLANG_ENABLE_OBJC_WEAK = YES;
				CLANG_WARN_BLOCK_CAPTURE_AUTORELEASING = YES;
				CLANG_WARN_BOOL_CONVERSION = YES;
				CLANG_WARN_COMMA = YES;
				CLANG_WARN_CONSTANT_CONVERSION = YES;
				CLANG_WARN_DEPRECATED_OBJC_IMPLEMENTATIONS = YES;
				CLANG_WARN_DIRECT_OBJC_ISA_USAGE = YES_ERROR;
				CLANG_WARN_DOCUMENTATION_COMMENTS = YES;
				CLANG_WARN_EMPTY_BODY = YES;
				CLANG_WARN_ENUM_CONVERSION = YES;
				CLANG_WARN_INFINITE_RECURSION = YES;
				CLANG_WARN_INT_CONVERSION = YES;
				CLANG_WARN_NON_LITERAL_NULL_CONVERSION = YES;
				CLANG_WARN_OBJC_IMPLICIT_RETAIN_SELF = YES;
				CLANG_WARN_OBJC_LITERAL_CONVERSION = YES;
				CLANG_WARN_OBJC_ROOT_CLASS = YES_ERROR;
				CLANG_WARN_QUOTED_INCLUDE_IN_FRAMEWORK_HEADER = YES;
				CLANG_WARN_RANGE_LOOP_ANALYSIS = YES;
				CLANG_WARN_STRICT_PROTOTYPES = YES;
				CLANG_WARN_SUSPICIOUS_MOVE = YES;
				CLANG_WARN_UNGUARDED_AVAILABILITY = YES_AGGRESSIVE;
				CLANG_WARN_UNREACHABLE_CODE = YES;
				CLANG_WARN__DUPLICATE_METHOD_MATCH = YES;
				COPY_PHASE_STRIP = NO;
				DEBUG_INFORMATION_FORMAT = dwarf;
				ENABLE_STRICT_OBJC_MSGSEND = YES;
				ENABLE_TESTABILITY = YES;
				ENABLE_USER_SCRIPT_SANDBOXING = YES;
				GCC_C_LANGUAGE_STANDARD = gnu17;
				GCC_DYNAMIC_NO_PIC = NO;
				GCC_NO_COMMON_BLOCKS = YES;
				GCC_OPTIMIZATION_LEVEL = 0;
				GCC_PREPROCESSOR_DEFINITIONS = (
					"DEBUG=1",
					"$(inherited)",
				);
				GCC_WARN_64_TO_32_BIT_CONVERSION = YES;
				GCC_WARN_ABOUT_RETURN_TYPE = YES_ERROR;
				GCC_WARN_UNDECLARED_SELECTOR = YES;
				GCC_WARN_UNINITIALIZED_AUTOS = YES_AGGRESSIVE;
				GCC_WARN_UNUSED_FUNCTION = YES;
				GCC_WARN_UNUSED_VARIABLE = YES;
				IPHONEOS_DEPLOYMENT_TARGET = 17.5;
				LOCALIZATION_PREFERS_STRING_CATALOGS = YES;
				MTL_ENABLE_DEBUG_INFO = INCLUDE_SOURCE;
				MTL_FAST_MATH = YES;
				ONLY_ACTIVE_ARCH = YES;
				SDKROOT = iphoneos;
				SWIFT_ACTIVE_COMPILATION_CONDITIONS = "DEBUG $(inherited)";
				SWIFT_OPTIMIZATION_LEVEL = "-Onone";
			};
			name = Debug;
		};
		A7BD5BEB2D1A497A004CE536 /* Release */ = {
			isa = XCBuildConfiguration;
			buildSettings = {
				ALWAYS_SEARCH_USER_PATHS = NO;
				ASSETCATALOG_COMPILER_GENERATE_SWIFT_ASSET_SYMBOL_EXTENSIONS = YES;
				CLANG_ANALYZER_NONNULL = YES;
				CLANG_ANALYZER_NUMBER_OBJECT_CONVERSION = YES_AGGRESSIVE;
				CLANG_CXX_LANGUAGE_STANDARD = "gnu++20";
				CLANG_ENABLE_MODULES = YES;
				CLANG_ENABLE_OBJC_ARC = YES;
				CLANG_ENABLE_OBJC_WEAK = YES;
				CLANG_WARN_BLOCK_CAPTURE_AUTORELEASING = YES;
				CLANG_WARN_BOOL_CONVERSION = YES;
				CLANG_WARN_COMMA = YES;
				CLANG_WARN_CONSTANT_CONVERSION = YES;
				CLANG_WARN_DEPRECATED_OBJC_IMPLEMENTATIONS = YES;
				CLANG_WARN_DIRECT_OBJC_ISA_USAGE = YES_ERROR;
				CLANG_WARN_DOCUMENTATION_COMMENTS = YES;
				CLANG_WARN_EMPTY_BODY = YES;
				CLANG_WARN_ENUM_CONVERSION = YES;
				CLANG_WARN_INFINITE_RECURSION = YES;
				CLANG_WARN_INT_CONVERSION = YES;
				CLANG_WARN_NON_LITERAL_NULL_CONVERSION = YES;
				CLANG_WARN_OBJC_IMPLICIT_RETAIN_SELF = YES;
				CLANG_WARN_OBJC_LITERAL_CONVERSION = YES;
				CLANG_WARN_OBJC_ROOT_CLASS = YES_ERROR;
				CLANG_WARN_QUOTED_INCLUDE_IN_FRAMEWORK_HEADER = YES;
				CLANG_WARN_RANGE_LOOP_ANALYSIS = YES;
				CLANG_WARN_STRICT_PROTOTYPES = YES;
				CLANG_WARN_SUSPICIOUS_MOVE = YES;
				CLANG_WARN_UNGUARDED_AVAILABILITY = YES_AGGRESSIVE;
				CLANG_WARN_UNREACHABLE_CODE = YES;
				CLANG_WARN__DUPLICATE_METHOD_MATCH = YES;
				COPY_PHASE_STRIP = NO;
				DEBUG_INFORMATION_FORMAT = "dwarf-with-dsym";
				ENABLE_NS_ASSERTIONS = NO;
				ENABLE_STRICT_OBJC_MSGSEND = YES;
				ENABLE_USER_SCRIPT_SANDBOXING = YES;
				GCC_C_LANGUAGE_STANDARD = gnu17;
				GCC_NO_COMMON_BLOCKS = YES;
				GCC_WARN_64_TO_32_BIT_CONVERSION = YES;
				GCC_WARN_ABOUT_RETURN_TYPE = YES_ERROR;
				GCC_WARN_UNDECLARED_SELECTOR = YES;
				GCC_WARN_UNINITIALIZED_AUTOS = YES_AGGRESSIVE;
				GCC_WARN_UNUSED_FUNCTION = YES;
				GCC_WARN_UNUSED_VARIABLE = YES;
				IPHONEOS_DEPLOYMENT_TARGET = 17.5;
				LOCALIZATION_PREFERS_STRING_CATALOGS = YES;
				MTL_ENABLE_DEBUG_INFO = NO;
				MTL_FAST_MATH = YES;
				SDKROOT = iphoneos;
				SWIFT_COMPILATION_MODE = wholemodule;
				VALIDATE_PRODUCT = YES;
			};
			name = Release;
		};
		A7BD5BED2D1A497A004CE536 /* Debug */ = {
			isa = XCBuildConfiguration;
			buildSettings = {
				ASSETCATALOG_COMPILER_APPICON_NAME = AppIcon;
				ASSETCATALOG_COMPILER_GLOBAL_ACCENT_COLOR_NAME = AccentColor;
				CODE_SIGN_STYLE = Automatic;
				CURRENT_PROJECT_VERSION = 1;
				DEVELOPMENT_ASSET_PATHS = "\"practice-journal-ios/Preview Content\"";
				DEVELOPMENT_TEAM = 23LWN82TH5;
				ENABLE_PREVIEWS = YES;
				GENERATE_INFOPLIST_FILE = YES;
				INFOPLIST_KEY_UIApplicationSceneManifest_Generation = YES;
				INFOPLIST_KEY_UIApplicationSupportsIndirectInputEvents = YES;
				INFOPLIST_KEY_UILaunchScreen_Generation = YES;
				INFOPLIST_KEY_UISupportedInterfaceOrientations_iPad = "UIInterfaceOrientationPortrait UIInterfaceOrientationPortraitUpsideDown UIInterfaceOrientationLandscapeLeft UIInterfaceOrientationLandscapeRight";
				INFOPLIST_KEY_UISupportedInterfaceOrientations_iPhone = "UIInterfaceOrientationPortrait UIInterfaceOrientationLandscapeLeft UIInterfaceOrientationLandscapeRight";
				LD_RUNPATH_SEARCH_PATHS = (
					"$(inherited)",
					"@executable_path/Frameworks",
				);
				MARKETING_VERSION = 1.0;
				PRODUCT_BUNDLE_IDENTIFIER = "chris100904.practice-journal-ios";
				PRODUCT_NAME = "$(TARGET_NAME)";
				SWIFT_EMIT_LOC_STRINGS = YES;
				SWIFT_VERSION = 5.0;
				TARGETED_DEVICE_FAMILY = "1,2";
			};
			name = Debug;
		};
		A7BD5BEE2D1A497A004CE536 /* Release */ = {
			isa = XCBuildConfiguration;
			buildSettings = {
				ASSETCATALOG_COMPILER_APPICON_NAME = AppIcon;
				ASSETCATALOG_COMPILER_GLOBAL_ACCENT_COLOR_NAME = AccentColor;
				CODE_SIGN_STYLE = Automatic;
				CURRENT_PROJECT_VERSION = 1;
				DEVELOPMENT_ASSET_PATHS = "\"practice-journal-ios/Preview Content\"";
				DEVELOPMENT_TEAM = 23LWN82TH5;
				ENABLE_PREVIEWS = YES;
				GENERATE_INFOPLIST_FILE = YES;
				INFOPLIST_KEY_UIApplicationSceneManifest_Generation = YES;
				INFOPLIST_KEY_UIApplicationSupportsIndirectInputEvents = YES;
				INFOPLIST_KEY_UILaunchScreen_Generation = YES;
				INFOPLIST_KEY_UISupportedInterfaceOrientations_iPad = "UIInterfaceOrientationPortrait UIInterfaceOrientationPortraitUpsideDown UIInterfaceOrientationLandscapeLeft UIInterfaceOrientationLandscapeRight";
				INFOPLIST_KEY_UISupportedInterfaceOrientations_iPhone = "UIInterfaceOrientationPortrait UIInterfaceOrientationLandscapeLeft UIInterfaceOrientationLandscapeRight";
				LD_RUNPATH_SEARCH_PATHS = (
					"$(inherited)",
					"@executable_path/Frameworks",
				);
				MARKETING_VERSION = 1.0;
				PRODUCT_BUNDLE_IDENTIFIER = "chris100904.practice-journal-ios";
				PRODUCT_NAME = "$(TARGET_NAME)";
				SWIFT_EMIT_LOC_STRINGS = YES;
				SWIFT_VERSION = 5.0;
				TARGETED_DEVICE_FAMILY = "1,2";
			};
			name = Release;
		};
		A7BD5BF02D1A497A004CE536 /* Debug */ = {
			isa = XCBuildConfiguration;
			buildSettings = {
				ALWAYS_EMBED_SWIFT_STANDARD_LIBRARIES = YES;
				BUNDLE_LOADER = "$(TEST_HOST)";
				CODE_SIGN_STYLE = Automatic;
				CURRENT_PROJECT_VERSION = 1;
				DEVELOPMENT_TEAM = 23LWN82TH5;
				GENERATE_INFOPLIST_FILE = YES;
				IPHONEOS_DEPLOYMENT_TARGET = 17.5;
				MARKETING_VERSION = 1.0;
				PRODUCT_BUNDLE_IDENTIFIER = "chris100904.practice-journal-iosTests";
				PRODUCT_NAME = "$(TARGET_NAME)";
				SWIFT_EMIT_LOC_STRINGS = NO;
				SWIFT_VERSION = 5.0;
				TARGETED_DEVICE_FAMILY = "1,2";
				TEST_HOST = "$(BUILT_PRODUCTS_DIR)/practice-journal-ios.app/$(BUNDLE_EXECUTABLE_FOLDER_PATH)/practice-journal-ios";
			};
			name = Debug;
		};
		A7BD5BF12D1A497A004CE536 /* Release */ = {
			isa = XCBuildConfiguration;
			buildSettings = {
				ALWAYS_EMBED_SWIFT_STANDARD_LIBRARIES = YES;
				BUNDLE_LOADER = "$(TEST_HOST)";
				CODE_SIGN_STYLE = Automatic;
				CURRENT_PROJECT_VERSION = 1;
				DEVELOPMENT_TEAM = 23LWN82TH5;
				GENERATE_INFOPLIST_FILE = YES;
				IPHONEOS_DEPLOYMENT_TARGET = 17.5;
				MARKETING_VERSION = 1.0;
				PRODUCT_BUNDLE_IDENTIFIER = "chris100904.practice-journal-iosTests";
				PRODUCT_NAME = "$(TARGET_NAME)";
				SWIFT_EMIT_LOC_STRINGS = NO;
				SWIFT_VERSION = 5.0;
				TARGETED_DEVICE_FAMILY = "1,2";
				TEST_HOST = "$(BUILT_PRODUCTS_DIR)/practice-journal-ios.app/$(BUNDLE_EXECUTABLE_FOLDER_PATH)/practice-journal-ios";
			};
			name = Release;
		};
		A7BD5BF32D1A497A004CE536 /* Debug */ = {
			isa = XCBuildConfiguration;
			buildSettings = {
				ALWAYS_EMBED_SWIFT_STANDARD_LIBRARIES = YES;
				CODE_SIGN_STYLE = Automatic;
				CURRENT_PROJECT_VERSION = 1;
				DEVELOPMENT_TEAM = 23LWN82TH5;
				GENERATE_INFOPLIST_FILE = YES;
				MARKETING_VERSION = 1.0;
				PRODUCT_BUNDLE_IDENTIFIER = "chris100904.practice-journal-iosUITests";
				PRODUCT_NAME = "$(TARGET_NAME)";
				SWIFT_EMIT_LOC_STRINGS = NO;
				SWIFT_VERSION = 5.0;
				TARGETED_DEVICE_FAMILY = "1,2";
				TEST_TARGET_NAME = "practice-journal-ios";
			};
			name = Debug;
		};
		A7BD5BF42D1A497A004CE536 /* Release */ = {
			isa = XCBuildConfiguration;
			buildSettings = {
				ALWAYS_EMBED_SWIFT_STANDARD_LIBRARIES = YES;
				CODE_SIGN_STYLE = Automatic;
				CURRENT_PROJECT_VERSION = 1;
				DEVELOPMENT_TEAM = 23LWN82TH5;
				GENERATE_INFOPLIST_FILE = YES;
				MARKETING_VERSION = 1.0;
				PRODUCT_BUNDLE_IDENTIFIER = "chris100904.practice-journal-iosUITests";
				PRODUCT_NAME = "$(TARGET_NAME)";
				SWIFT_EMIT_LOC_STRINGS = NO;
				SWIFT_VERSION = 5.0;
				TARGETED_DEVICE_FAMILY = "1,2";
				TEST_TARGET_NAME = "practice-journal-ios";
			};
			name = Release;
		};
/* End XCBuildConfiguration section */

/* Begin XCConfigurationList section */
		A7BD5BC32D1A4978004CE536 /* Build configuration list for PBXProject "practice-journal-ios" */ = {
			isa = XCConfigurationList;
			buildConfigurations = (
				A7BD5BEA2D1A497A004CE536 /* Debug */,
				A7BD5BEB2D1A497A004CE536 /* Release */,
			);
			defaultConfigurationIsVisible = 0;
			defaultConfigurationName = Release;
		};
		A7BD5BEC2D1A497A004CE536 /* Build configuration list for PBXNativeTarget "practice-journal-ios" */ = {
			isa = XCConfigurationList;
			buildConfigurations = (
				A7BD5BED2D1A497A004CE536 /* Debug */,
				A7BD5BEE2D1A497A004CE536 /* Release */,
			);
			defaultConfigurationIsVisible = 0;
			defaultConfigurationName = Release;
		};
		A7BD5BEF2D1A497A004CE536 /* Build configuration list for PBXNativeTarget "practice-journal-iosTests" */ = {
			isa = XCConfigurationList;
			buildConfigurations = (
				A7BD5BF02D1A497A004CE536 /* Debug */,
				A7BD5BF12D1A497A004CE536 /* Release */,
			);
			defaultConfigurationIsVisible = 0;
			defaultConfigurationName = Release;
		};
		A7BD5BF22D1A497A004CE536 /* Build configuration list for PBXNativeTarget "practice-journal-iosUITests" */ = {
			isa = XCConfigurationList;
			buildConfigurations = (
				A7BD5BF32D1A497A004CE536 /* Debug */,
				A7BD5BF42D1A497A004CE536 /* Release */,
			);
			defaultConfigurationIsVisible = 0;
			defaultConfigurationName = Release;
		};
/* End XCConfigurationList section */
	};
	rootObject = A7BD5BC02D1A4978004CE536 /* Project object */;
}
